
Microsoft Visual Studio Solution File, Format Version 12.00
# Visual Studio 15
Project("{FAE04EC0-301F-11D3-BF4B-00C04F79EFBC}") = "лр3", "лр3\лр3.csproj", "{09F7E2CE-721C-4F64-AFEE-91413B731F75}"
EndProject
Global
	GlobalSection(SolutionConfigurationPlatforms) = preSolution
		Debug|x86 = Debug|x86
		Release|x86 = Release|x86
	EndGlobalSection
	GlobalSection(ProjectConfigurationPlatforms) = postSolution
		{09F7E2CE-721C-4F64-AFEE-91413B731F75}.Debug|x86.ActiveCfg = Debug|x86
		{09F7E2CE-721C-4F64-AFEE-91413B731F75}.Debug|x86.Build.0 = Debug|x86
		{09F7E2CE-721C-4F64-AFEE-91413B731F75}.Release|x86.ActiveCfg = Release|x86
		{09F7E2CE-721C-4F64-AFEE-91413B731F75}.Release|x86.Build.0 = Release|x86
	EndGlobalSection
EndGlobal
